
Microsoft Visual Studio Solution File, Format Version 12.00
# Visual Studio Version 17
VisualStudioVersion = 17.4.33122.133
MinimumVisualStudioVersion = 10.0.40219.1
Project("{9A19103F-16F7-4668-BE54-9A1E7A4F7556}") = "ZeroQLDemo", "ZeroQLDemo.csproj", "{197C528F-8CEA-46D5-BB87-F8068FA82703}"
EndProject
Global
	GlobalSection(SolutionConfigurationPlatforms) = preSolution
		Debug|Any CPU = Debug|Any CPU
		Release|Any CPU = Release|Any CPU
	EndGlobalSection
	GlobalSection(ProjectConfigurationPlatforms) = postSolution
		{197C528F-8CEA-46D5-BB87-F8068FA82703}.Debug|Any CPU.ActiveCfg = Debug|Any CPU
		{197C528F-8CEA-46D5-BB87-F8068FA82703}.Debug|Any CPU.Build.0 = Debug|Any CPU
		{197C528F-8CEA-46D5-BB87-F8068FA82703}.Release|Any CPU.ActiveCfg = Release|Any CPU
		{197C528F-8CEA-46D5-BB87-F8068FA82703}.Release|Any CPU.Build.0 = Release|Any CPU
	EndGlobalSection
	GlobalSection(SolutionProperties) = preSolution
		HideSolutionNode = FALSE
	EndGlobalSection
	GlobalSection(ExtensibilityGlobals) = postSolution
		SolutionGuid = {5CCE7414-72C4-4930-B4BA-BBF7F2C3E986}
	EndGlobalSection
EndGlobal
